
Microsoft Visual Studio Solution File, Format Version 10.00
# Visual Studio 2008
Project("{FAE04EC0-301F-11D3-BF4B-00C04F79EFBC}") = "IcmCustomExporter", "IcmCustomExporter\IcmCustomExporter.csproj", "{B9AE12ED-B83D-40E1-B034-FD00AAECF9B1}"
EndProject
Global
	GlobalSection(SolutionConfigurationPlatforms) = preSolution
		Debug|Any CPU = Debug|Any CPU
		Release|Any CPU = Release|Any CPU
	EndGlobalSection
	GlobalSection(ProjectConfigurationPlatforms) = postSolution
		{B9AE12ED-B83D-40E1-B034-FD00AAECF9B1}.Debug|Any CPU.ActiveCfg = Debug|Any CPU
		{B9AE12ED-B83D-40E1-B034-FD00AAECF9B1}.Debug|Any CPU.Build.0 = Debug|Any CPU
		{B9AE12ED-B83D-40E1-B034-FD00AAECF9B1}.Release|Any CPU.ActiveCfg = Release|Any CPU
		{B9AE12ED-B83D-40E1-B034-FD00AAECF9B1}.Release|Any CPU.Build.0 = Release|Any CPU
	EndGlobalSection
	GlobalSection(SolutionProperties) = preSolution
		HideSolutionNode = FALSE
	EndGlobalSection
	GlobalSection(ExtensibilityGlobals) = postSolution
		VisualSVNWorkingCopyRoot = .
	EndGlobalSection
	GlobalSection(SubversionScc) = preSolution
		Svn-Managed = True
		Manager = AnkhSVN - Subversion Support for Visual Studio
	EndGlobalSection
EndGlobal
